
Microsoft Visual Studio Solution File, Format Version 12.00
# Visual Studio Version 17
VisualStudioVersion = 17.0.32112.339
MinimumVisualStudioVersion = 10.0.40219.1
Project("{FAE04EC0-301F-11D3-BF4B-00C04F79EFBC}") = "seven.two", "seven.two\seven.two.csproj", "{8C3F1438-EA03-4D32-A183-AA0CBA76AC1B}"
EndProject
Global
	GlobalSection(SolutionConfigurationPlatforms) = preSolution
		Debug|Any CPU = Debug|Any CPU
		Release|Any CPU = Release|Any CPU
	EndGlobalSection
	GlobalSection(ProjectConfigurationPlatforms) = postSolution
		{8C3F1438-EA03-4D32-A183-AA0CBA76AC1B}.Debug|Any CPU.ActiveCfg = Debug|Any CPU
		{8C3F1438-EA03-4D32-A183-AA0CBA76AC1B}.Debug|Any CPU.Build.0 = Debug|Any CPU
		{8C3F1438-EA03-4D32-A183-AA0CBA76AC1B}.Release|Any CPU.ActiveCfg = Release|Any CPU
		{8C3F1438-EA03-4D32-A183-AA0CBA76AC1B}.Release|Any CPU.Build.0 = Release|Any CPU
	EndGlobalSection
	GlobalSection(SolutionProperties) = preSolution
		HideSolutionNode = FALSE
	EndGlobalSection
	GlobalSection(ExtensibilityGlobals) = postSolution
		SolutionGuid = {1A7219E3-442C-43A2-9633-5D54DE1312BC}
	EndGlobalSection
EndGlobal
